<?xml version="1.0" encoding="utf-8"?>
<Project ToolsVersion="4.0" xmlns="http://schemas.microsoft.com/developer/msbuild/2003">
  <ItemGroup>
    <Filter Include="Source Files">
      <UniqueIdentifier>{4FC737F1-C7A5-4376-A066-2A32D752A2FF}</UniqueIdentifier>
      <Extensions>cpp;c;cc;cxx;def;odl;idl;hpj;bat;asm;asmx</Extensions>
    </Filter>
    <Filter Include="Header Files">
      <UniqueIdentifier>{93995380-89BD-4b04-88EB-625FBE52EBFB}</UniqueIdentifier>
      <Extensions>h;hpp;hxx;hm;inl;inc;xsd</Extensions>
    </Filter>
    <Filter Include="Resource Files">
      <UniqueIdentifier>{67DA6AB6-F800-4c08-8B7A-83BB121AAD01}</UniqueIdentifier>
      <Extensions>rc;ico;cur;bmp;dlg;rc2;rct;bin;rgs;gif;jpg;jpeg;jpe;resx;tiff;tif;png;wav;mfcribbon-ms</Extensions>
    </Filter>
  </ItemGroup>
  <ItemGroup>
    <ClInclude Include="transport.h">
      <Filter>Header Files</Filter>
    </ClInclude>
    <ClInclude Include="sysdeps.h">
      <Filter>Header Files</Filter>
    </ClInclude>
    <ClInclude Include="private.h">
      <Filter>Header Files</Filter>
    </ClInclude>
    <ClInclude Include="mutex_list.h">
      <Filter>Header Files</Filter>
    </ClInclude>
    <ClInclude Include="file_sync_service.h">
      <Filter>Header Files</Filter>
    </ClInclude>
    <ClInclude Include="fdevent.h">
      <Filter>Header Files</Filter>
    </ClInclude>
    <ClInclude Include="adb_trace.h">
      <Filter>Header Files</Filter>
    </ClInclude>
    <ClInclude Include="adb_client.h">
      <Filter>Header Files</Filter>
    </ClInclude>
    <ClInclude Include="adb_auth.h">
      <Filter>Header Files</Filter>
    </ClInclude>
    <ClInclude Include="adb.h">
      <Filter>Header Files</Filter>
    </ClInclude>
  </ItemGroup>
  <ItemGroup>
    <ClCompile Include="zipfile.c">
      <Filter>Source Files</Filter>
    </ClCompile>
    <ClCompile Include="usb_windows.c">
      <Filter>Source Files</Filter>
    </ClCompile>
    <ClCompile Include="usb_osx.c">
      <Filter>Source Files</Filter>
    </ClCompile>
    <ClCompile Include="usb_linux_client.c">
      <Filter>Source Files</Filter>
    </ClCompile>
    <ClCompile Include="usb_linux.c">
      <Filter>Source Files</Filter>
    </ClCompile>
    <ClCompile Include="usb_libusb.c">
      <Filter>Source Files</Filter>
    </ClCompile>
    <ClCompile Include="transport_usb.c">
      <Filter>Source Files</Filter>
    </ClCompile>
    <ClCompile Include="transport_local.c">
      <Filter>Source Files</Filter>
    </ClCompile>
    <ClCompile Include="transport.c">
      <Filter>Source Files</Filter>
    </ClCompile>
    <ClCompile Include="test_track_jdwp.c">
      <Filter>Source Files</Filter>
    </ClCompile>
    <ClCompile Include="test_track_devices.c">
      <Filter>Source Files</Filter>
    </ClCompile>
    <ClCompile Include="sysdeps_win32.c">
      <Filter>Source Files</Filter>
    </ClCompile>
    <ClCompile Include="sockets.c">
      <Filter>Source Files</Filter>
    </ClCompile>
    <ClCompile Include="set_verity_enable_state_service.c">
      <Filter>Source Files</Filter>
    </ClCompile>
    <ClCompile Include="services.c">
      <Filter>Source Files</Filter>
    </ClCompile>
    <ClCompile Include="remount_service.c">
      <Filter>Source Files</Filter>
    </ClCompile>
    <ClCompile Include="jdwp_service.c">
      <Filter>Source Files</Filter>
    </ClCompile>
    <ClCompile Include="get_my_path_windows.c">
      <Filter>Source Files</Filter>
    </ClCompile>
    <ClCompile Include="get_my_path_linux.c">
      <Filter>Source Files</Filter>
    </ClCompile>
    <ClCompile Include="get_my_path_freebsd.c">
      <Filter>Source Files</Filter>
    </ClCompile>
    <ClCompile Include="get_my_path_darwin.c">
      <Filter>Source Files</Filter>
    </ClCompile>
    <ClCompile Include="framebuffer_service.c">
      <Filter>Source Files</Filter>
    </ClCompile>
    <ClCompile Include="file_sync_service.c">
      <Filter>Source Files</Filter>
    </ClCompile>
    <ClCompile Include="file_sync_client.c">
      <Filter>Source Files</Filter>
    </ClCompile>
    <ClCompile Include="fdevent.c">
      <Filter>Source Files</Filter>
    </ClCompile>
    <ClCompile Include="console.c">
      <Filter>Source Files</Filter>
    </ClCompile>
    <ClCompile Include="commandline.c">
      <Filter>Source Files</Filter>
    </ClCompile>
    <ClCompile Include="centraldir.c">
      <Filter>Source Files</Filter>
    </ClCompile>
    <ClCompile Include="adb_client.c">
      <Filter>Source Files</Filter>
    </ClCompile>
    <ClCompile Include="adb_auth_host.c">
      <Filter>Source Files</Filter>
    </ClCompile>
    <ClCompile Include="adb_auth_client.c">
      <Filter>Source Files</Filter>
    </ClCompile>
    <ClCompile Include="adb.c">
      <Filter>Source Files</Filter>
    </ClCompile>
  </ItemGroup>
</Project>